<?xml version="1.0" encoding="utf-8"?>
<Project ToolsVersion="4.0" xmlns="http://schemas.microsoft.com/developer/msbuild/2003">
  <ItemGroup>
    <ClCompile Include="BaseScene.cpp" />
    <ClCompile Include="Enemy.cpp" />
    <ClCompile Include="Game.cpp" />
    <ClCompile Include="main.cpp" />
    <ClCompile Include="MapScene.cpp" />
    <ClCompile Include="MenuScene.cpp" />
    <ClCompile Include="Music.cpp" />
    <ClCompile Include="Player.cpp" />
    <ClCompile Include="Shader.cpp" />
    <ClCompile Include="ShaderProgram.cpp" />
    <ClCompile Include="Shoot.cpp" />
    <ClCompile Include="Sprite.cpp" />
    <ClCompile Include="State.cpp" />
    <ClCompile Include="Text.cpp" />
    <ClCompile Include="Texture.cpp" />
    <ClCompile Include="TexturedQuad.cpp" />
    <ClCompile Include="TileMap.cpp" />
    <ClCompile Include="Boss.cpp" />
    <ClCompile Include="BossShoot.cpp" />
    <ClCompile Include="Force.cpp" />
    <ClCompile Include="Object.cpp" />
  </ItemGroup>
  <ItemGroup>
    <ClInclude Include="AnimKeyframes.h" />
    <ClInclude Include="Enemy.h" />
    <ClInclude Include="MenuScene.h" />
    <ClInclude Include="BaseScene.h" />
    <ClInclude Include="Game.h" />
    <ClInclude Include="MapScene.h" />
    <ClInclude Include="Music.h" />
    <ClInclude Include="Player.h" />
    <ClInclude Include="Shader.h" />
    <ClInclude Include="ShaderProgram.h" />
    <ClInclude Include="Shoot.h" />
    <ClInclude Include="Sprite.h" />
    <ClInclude Include="State.h" />
    <ClInclude Include="Text.h" />
    <ClInclude Include="Texture.h" />
    <ClInclude Include="TexturedQuad.h" />
    <ClInclude Include="TileMap.h" />
    <ClInclude Include="Boss.h" />
    <ClInclude Include="BossShoot.h" />
    <ClInclude Include="Force.h" />
    <ClInclude Include="Object.h" />
  </ItemGroup>
</Project>